
Microsoft Visual Studio Solution File, Format Version 12.00
# Visual Studio Version 16
VisualStudioVersion = 16.0.29806.167
MinimumVisualStudioVersion = 10.0.40219.1
Project("{8BC9CEB8-8B4A-11D0-8D11-00A0C91BC942}") = "Project1", "Project1\Project1.vcxproj", "{CE831852-84F1-4AF0-B3B5-28F6EDD92C27}"
EndProject
Global
	GlobalSection(SolutionConfigurationPlatforms) = preSolution
		Debug|x64 = Debug|x64
		Debug|x86 = Debug|x86
		Release|x64 = Release|x64
		Release|x86 = Release|x86
	EndGlobalSection
	GlobalSection(ProjectConfigurationPlatforms) = postSolution
		{CE831852-84F1-4AF0-B3B5-28F6EDD92C27}.Debug|x64.ActiveCfg = Debug|x64
		{CE831852-84F1-4AF0-B3B5-28F6EDD92C27}.Debug|x64.Build.0 = Debug|x64
		{CE831852-84F1-4AF0-B3B5-28F6EDD92C27}.Debug|x86.ActiveCfg = Debug|Win32
		{CE831852-84F1-4AF0-B3B5-28F6EDD92C27}.Debug|x86.Build.0 = Debug|Win32
		{CE831852-84F1-4AF0-B3B5-28F6EDD92C27}.Release|x64.ActiveCfg = Release|x64
		{CE831852-84F1-4AF0-B3B5-28F6EDD92C27}.Release|x64.Build.0 = Release|x64
		{CE831852-84F1-4AF0-B3B5-28F6EDD92C27}.Release|x86.ActiveCfg = Release|Win32
		{CE831852-84F1-4AF0-B3B5-28F6EDD92C27}.Release|x86.Build.0 = Release|Win32
	EndGlobalSection
	GlobalSection(SolutionProperties) = preSolution
		HideSolutionNode = FALSE
	EndGlobalSection
	GlobalSection(ExtensibilityGlobals) = postSolution
		SolutionGuid = {EAC37031-D78B-48E0-A2B9-48CA2A0702A4}
	EndGlobalSection
EndGlobal
